
Microsoft Visual Studio Solution File, Format Version 12.00
# Visual Studio Version 17
VisualStudioVersion = 17.10.34928.147
MinimumVisualStudioVersion = 10.0.40219.1
Project("{9A19103F-16F7-4668-BE54-9A1E7A4F7556}") = "RamDisk", "RamDisk.csproj", "{88DA1CC4-F454-4DC6-9E88-118FEB8ECD35}"
EndProject
Global
	GlobalSection(SolutionConfigurationPlatforms) = preSolution
		Debug|Any CPU = Debug|Any CPU
		Release|Any CPU = Release|Any CPU
	EndGlobalSection
	GlobalSection(ProjectConfigurationPlatforms) = postSolution
		{88DA1CC4-F454-4DC6-9E88-118FEB8ECD35}.Debug|Any CPU.ActiveCfg = Debug|Any CPU
		{88DA1CC4-F454-4DC6-9E88-118FEB8ECD35}.Debug|Any CPU.Build.0 = Debug|Any CPU
		{88DA1CC4-F454-4DC6-9E88-118FEB8ECD35}.Release|Any CPU.ActiveCfg = Release|Any CPU
		{88DA1CC4-F454-4DC6-9E88-118FEB8ECD35}.Release|Any CPU.Build.0 = Release|Any CPU
	EndGlobalSection
	GlobalSection(SolutionProperties) = preSolution
		HideSolutionNode = FALSE
	EndGlobalSection
	GlobalSection(ExtensibilityGlobals) = postSolution
		SolutionGuid = {6C9BFC76-9405-42C6-9B4B-930368D955DB}
	EndGlobalSection
EndGlobal
